
Microsoft Visual Studio Solution File, Format Version 12.00
# Visual Studio Version 16
VisualStudioVersion = 16.0.30717.126
MinimumVisualStudioVersion = 10.0.40219.1
Project("{FAE04EC0-301F-11D3-BF4B-00C04F79EFBC}") = "RoomBookingSystem", "RoomBookingSystem\RoomBookingSystem.csproj", "{8C1532AE-5A0A-43E5-B3B8-99D39D0753BF}"
EndProject
Project("{FAE04EC0-301F-11D3-BF4B-00C04F79EFBC}") = "RoomBookingTest", "RoomBookingTest\RoomBookingTest.csproj", "{FDE9A73D-2DFC-4665-A959-B6F0E3108EB5}"
EndProject
Global
	GlobalSection(SolutionConfigurationPlatforms) = preSolution
		Debug|Any CPU = Debug|Any CPU
		Release|Any CPU = Release|Any CPU
	EndGlobalSection
	GlobalSection(ProjectConfigurationPlatforms) = postSolution
		{8C1532AE-5A0A-43E5-B3B8-99D39D0753BF}.Debug|Any CPU.ActiveCfg = Debug|Any CPU
		{8C1532AE-5A0A-43E5-B3B8-99D39D0753BF}.Debug|Any CPU.Build.0 = Debug|Any CPU
		{8C1532AE-5A0A-43E5-B3B8-99D39D0753BF}.Release|Any CPU.ActiveCfg = Release|Any CPU
		{8C1532AE-5A0A-43E5-B3B8-99D39D0753BF}.Release|Any CPU.Build.0 = Release|Any CPU
		{FDE9A73D-2DFC-4665-A959-B6F0E3108EB5}.Debug|Any CPU.ActiveCfg = Debug|Any CPU
		{FDE9A73D-2DFC-4665-A959-B6F0E3108EB5}.Debug|Any CPU.Build.0 = Debug|Any CPU
		{FDE9A73D-2DFC-4665-A959-B6F0E3108EB5}.Release|Any CPU.ActiveCfg = Release|Any CPU
		{FDE9A73D-2DFC-4665-A959-B6F0E3108EB5}.Release|Any CPU.Build.0 = Release|Any CPU
	EndGlobalSection
	GlobalSection(SolutionProperties) = preSolution
		HideSolutionNode = FALSE
	EndGlobalSection
	GlobalSection(ExtensibilityGlobals) = postSolution
		SolutionGuid = {114D307F-C1AB-4C61-8E35-D56349114E57}
	EndGlobalSection
EndGlobal
